// !$*UTF8*$!
{
	archiveVersion = 1;
	classes = {
	};
	objectVersion = 50;
	objects = {

/* Begin PBXBuildFile section */
		813EE71C2538990400A1A83C /* AppDelegate.swift in Sources */ = {isa = PBXBuildFile; fileRef = 813EE71B2538990400A1A83C /* AppDelegate.swift */; };
		813EE71E2538990400A1A83C /* SceneDelegate.swift in Sources */ = {isa = PBXBuildFile; fileRef = 813EE71D2538990400A1A83C /* SceneDelegate.swift */; };
		813EE7202538990400A1A83C /* ViewController.swift in Sources */ = {isa = PBXBuildFile; fileRef = 813EE71F2538990400A1A83C /* ViewController.swift */; };
		813EE7232538990400A1A83C /* Main.storyboard in Resources */ = {isa = PBXBuildFile; fileRef = 813EE7212538990400A1A83C /* Main.storyboard */; };
		813EE7252538990900A1A83C /* Assets.xcassets in Resources */ = {isa = PBXBuildFile; fileRef = 813EE7242538990900A1A83C /* Assets.xcassets */; };
		813EE7282538990900A1A83C /* LaunchScreen.storyboard in Resources */ = {isa = PBXBuildFile; fileRef = 813EE7262538990900A1A83C /* LaunchScreen.storyboard */; };
		813EE7332538990900A1A83C /* pet_sheltersTests.swift in Sources */ = {isa = PBXBuildFile; fileRef = 813EE7322538990900A1A83C /* pet_sheltersTests.swift */; };
		813EE73E2538990900A1A83C /* pet_sheltersUITests.swift in Sources */ = {isa = PBXBuildFile; fileRef = 813EE73D2538990900A1A83C /* pet_sheltersUITests.swift */; };
/* End PBXBuildFile section */

/* Begin PBXContainerItemProxy section */
		813EE72F2538990900A1A83C /* PBXContainerItemProxy */ = {
			isa = PBXContainerItemProxy;
			containerPortal = 813EE7102538990400A1A83C /* Project object */;
			proxyType = 1;
			remoteGlobalIDString = 813EE7172538990400A1A83C;
			remoteInfo = "pet-shelters";
		};
		813EE73A2538990900A1A83C /* PBXContainerItemProxy */ = {
			isa = PBXContainerItemProxy;
			containerPortal = 813EE7102538990400A1A83C /* Project object */;
			proxyType = 1;
			remoteGlobalIDString = 813EE7172538990400A1A83C;
			remoteInfo = "pet-shelters";
		};
/* End PBXContainerItemProxy section */

/* Begin PBXFileReference section */
		813EE7182538990400A1A83C /* pet-shelters.app */ = {isa = PBXFileReference; explicitFileType = wrapper.application; includeInIndex = 0; path = "pet-shelters.app"; sourceTree = BUILT_PRODUCTS_DIR; };
		813EE71B2538990400A1A83C /* AppDelegate.swift */ = {isa = PBXFileReference; lastKnownFileType = sourcecode.swift; path = AppDelegate.swift; sourceTree = "<group>"; };
		813EE71D2538990400A1A83C /* SceneDelegate.swift */ = {isa = PBXFileReference; lastKnownFileType = sourcecode.swift; path = SceneDelegate.swift; sourceTree = "<group>"; };
		813EE71F2538990400A1A83C /* ViewController.swift */ = {isa = PBXFileReference; lastKnownFileType = sourcecode.swift; path = ViewController.swift; sourceTree = "<group>"; };
		813EE7222538990400A1A83C /* Base */ = {isa = PBXFileReference; lastKnownFileType = file.storyboard; name = Base; path = Base.lproj/Main.storyboard; sourceTree = "<group>"; };
		813EE7242538990900A1A83C /* Assets.xcassets */ = {isa = PBXFileReference; lastKnownFileType = folder.assetcatalog; path = Assets.xcassets; sourceTree = "<group>"; };
		813EE7272538990900A1A83C /* Base */ = {isa = PBXFileReference; lastKnownFileType = file.storyboard; name = Base; path = Base.lproj/LaunchScreen.storyboard; sourceTree = "<group>"; };
		813EE7292538990900A1A83C /* Info.plist */ = {isa = PBXFileReference; lastKnownFileType = text.plist.xml; path = Info.plist; sourceTree = "<group>"; };
		813EE72E2538990900A1A83C /* pet-sheltersTests.xctest */ = {isa = PBXFileReference; explicitFileType = wrapper.cfbundle; includeInIndex = 0; path = "pet-sheltersTests.xctest"; sourceTree = BUILT_PRODUCTS_DIR; };
		813EE7322538990900A1A83C /* pet_sheltersTests.swift */ = {isa = PBXFileReference; lastKnownFileType = sourcecode.swift; path = pet_sheltersTests.swift; sourceTree = "<group>"; };
		813EE7342538990900A1A83C /* Info.plist */ = {isa = PBXFileReference; lastKnownFileType = text.plist.xml; path = Info.plist; sourceTree = "<group>"; };
		813EE7392538990900A1A83C /* pet-sheltersUITests.xctest */ = {isa = PBXFileReference; explicitFileType = wrapper.cfbundle; includeInIndex = 0; path = "pet-sheltersUITests.xctest"; sourceTree = BUILT_PRODUCTS_DIR; };
		813EE73D2538990900A1A83C /* pet_sheltersUITests.swift */ = {isa = PBXFileReference; lastKnownFileType = sourcecode.swift; path = pet_sheltersUITests.swift; sourceTree = "<group>"; };
		813EE73F2538990900A1A83C /* Info.plist */ = {isa = PBXFileReference; lastKnownFileType = text.plist.xml; path = Info.plist; sourceTree = "<group>"; };
/* End PBXFileReference section */

/* Begin PBXFrameworksBuildPhase section */
		813EE7152538990400A1A83C /* Frameworks */ = {
			isa = PBXFrameworksBuildPhase;
			buildActionMask = 2147483647;
			files = (
			);
			runOnlyForDeploymentPostprocessing = 0;
		};
		813EE72B2538990900A1A83C /* Frameworks */ = {
			isa = PBXFrameworksBuildPhase;
			buildActionMask = 2147483647;
			files = (
			);
			runOnlyForDeploymentPostprocessing = 0;
		};
		813EE7362538990900A1A83C /* Frameworks */ = {
			isa = PBXFrameworksBuildPhase;
			buildActionMask = 2147483647;
			files = (
			);
			runOnlyForDeploymentPostprocessing = 0;
		};
/* End PBXFrameworksBuildPhase section */

/* Begin PBXGroup section */
		813EE70F2538990400A1A83C = {
			isa = PBXGroup;
			children = (
				813EE71A2538990400A1A83C /* pet-shelters */,
				813EE7312538990900A1A83C /* pet-sheltersTests */,
				813EE73C2538990900A1A83C /* pet-sheltersUITests */,
				813EE7192538990400A1A83C /* Products */,
			);
			sourceTree = "<group>";
		};
		813EE7192538990400A1A83C /* Products */ = {
			isa = PBXGroup;
			children = (
				813EE7182538990400A1A83C /* pet-shelters.app */,
				813EE72E2538990900A1A83C /* pet-sheltersTests.xctest */,
				813EE7392538990900A1A83C /* pet-sheltersUITests.xctest */,
			);
			name = Products;
			sourceTree = "<group>";
		};
		813EE71A2538990400A1A83C /* pet-shelters */ = {
			isa = PBXGroup;
			children = (
				813EE71B2538990400A1A83C /* AppDelegate.swift */,
				813EE71D2538990400A1A83C /* SceneDelegate.swift */,
				813EE71F2538990400A1A83C /* ViewController.swift */,
				813EE7212538990400A1A83C /* Main.storyboard */,
				813EE7242538990900A1A83C /* Assets.xcassets */,
				813EE7262538990900A1A83C /* LaunchScreen.storyboard */,
				813EE7292538990900A1A83C /* Info.plist */,
			);
			path = "pet-shelters";
			sourceTree = "<group>";
		};
		813EE7312538990900A1A83C /* pet-sheltersTests */ = {
			isa = PBXGroup;
			children = (
				813EE7322538990900A1A83C /* pet_sheltersTests.swift */,
				813EE7342538990900A1A83C /* Info.plist */,
			);
			path = "pet-sheltersTests";
			sourceTree = "<group>";
		};
		813EE73C2538990900A1A83C /* pet-sheltersUITests */ = {
			isa = PBXGroup;
			children = (
				813EE73D2538990900A1A83C /* pet_sheltersUITests.swift */,
				813EE73F2538990900A1A83C /* Info.plist */,
			);
			path = "pet-sheltersUITests";
			sourceTree = "<group>";
		};
/* End PBXGroup section */

/* Begin PBXNativeTarget section */
		813EE7172538990400A1A83C /* pet-shelters */ = {
			isa = PBXNativeTarget;
			buildConfigurationList = 813EE7422538990900A1A83C /* Build configuration list for PBXNativeTarget "pet-shelters" */;
			buildPhases = (
				813EE7142538990400A1A83C /* Sources */,
				813EE7152538990400A1A83C /* Frameworks */,
				813EE7162538990400A1A83C /* Resources */,
			);
			buildRules = (
			);
			dependencies = (
			);
			name = "pet-shelters";
			productName = "pet-shelters";
			productReference = 813EE7182538990400A1A83C /* pet-shelters.app */;
			productType = "com.apple.product-type.application";
		};
		813EE72D2538990900A1A83C /* pet-sheltersTests */ = {
			isa = PBXNativeTarget;
			buildConfigurationList = 813EE7452538990900A1A83C /* Build configuration list for PBXNativeTarget "pet-sheltersTests" */;
			buildPhases = (
				813EE72A2538990900A1A83C /* Sources */,
				813EE72B2538990900A1A83C /* Frameworks */,
				813EE72C2538990900A1A83C /* Resources */,
			);
			buildRules = (
			);
			dependencies = (
				813EE7302538990900A1A83C /* PBXTargetDependency */,
			);
			name = "pet-sheltersTests";
			productName = "pet-sheltersTests";
			productReference = 813EE72E2538990900A1A83C /* pet-sheltersTests.xctest */;
			productType = "com.apple.product-type.bundle.unit-test";
		};
		813EE7382538990900A1A83C /* pet-sheltersUITests */ = {
			isa = PBXNativeTarget;
			buildConfigurationList = 813EE7482538990900A1A83C /* Build configuration list for PBXNativeTarget "pet-sheltersUITests" */;
			buildPhases = (
				813EE7352538990900A1A83C /* Sources */,
				813EE7362538990900A1A83C /* Frameworks */,
				813EE7372538990900A1A83C /* Resources */,
			);
			buildRules = (
			);
			dependencies = (
				813EE73B2538990900A1A83C /* PBXTargetDependency */,
			);
			name = "pet-sheltersUITests";
			productName = "pet-sheltersUITests";
			productReference = 813EE7392538990900A1A83C /* pet-sheltersUITests.xctest */;
			productType = "com.apple.product-type.bundle.ui-testing";
		};
/* End PBXNativeTarget section */

/* Begin PBXProject section */
		813EE7102538990400A1A83C /* Project object */ = {
			isa = PBXProject;
			attributes = {
				LastSwiftUpdateCheck = 1200;
				LastUpgradeCheck = 1200;
				TargetAttributes = {
					813EE7172538990400A1A83C = {
						CreatedOnToolsVersion = 12.0.1;
					};
					813EE72D2538990900A1A83C = {
						CreatedOnToolsVersion = 12.0.1;
						TestTargetID = 813EE7172538990400A1A83C;
					};
					813EE7382538990900A1A83C = {
						CreatedOnToolsVersion = 12.0.1;
						TestTargetID = 813EE7172538990400A1A83C;
					};
				};
			};
			buildConfigurationList = 813EE7132538990400A1A83C /* Build configuration list for PBXProject "pet-shelters" */;
			compatibilityVersion = "Xcode 9.3";
			developmentRegion = en;
			hasScannedForEncodings = 0;
			knownRegions = (
				en,
				Base,
			);
			mainGroup = 813EE70F2538990400A1A83C;
			productRefGroup = 813EE7192538990400A1A83C /* Products */;
			projectDirPath = "";
			projectRoot = "";
			targets = (
				813EE7172538990400A1A83C /* pet-shelters */,
				813EE72D2538990900A1A83C /* pet-sheltersTests */,
				813EE7382538990900A1A83C /* pet-sheltersUITests */,
			);
		};
/* End PBXProject section */

/* Begin PBXResourcesBuildPhase section */
		813EE7162538990400A1A83C /* Resources */ = {
			isa = PBXResourcesBuildPhase;
			buildActionMask = 2147483647;
			files = (
				813EE7282538990900A1A83C /* LaunchScreen.storyboard in Resources */,
				813EE7252538990900A1A83C /* Assets.xcassets in Resources */,
				813EE7232538990400A1A83C /* Main.storyboard in Resources */,
			);
			runOnlyForDeploymentPostprocessing = 0;
		};
		813EE72C2538990900A1A83C /* Resources */ = {
			isa = PBXResourcesBuildPhase;
			buildActionMask = 2147483647;
			files = (
			);
			runOnlyForDeploymentPostprocessing = 0;
		};
		813EE7372538990900A1A83C /* Resources */ = {
			isa = PBXResourcesBuildPhase;
			buildActionMask = 2147483647;
			files = (
			);
			runOnlyForDeploymentPostprocessing = 0;
		};
/* End PBXResourcesBuildPhase section */

/* Begin PBXSourcesBuildPhase section */
		813EE7142538990400A1A83C /* Sources */ = {
			isa = PBXSourcesBuildPhase;
			buildActionMask = 2147483647;
			files = (
				813EE7202538990400A1A83C /* ViewController.swift in Sources */,
				813EE71C2538990400A1A83C /* AppDelegate.swift in Sources */,
				813EE71E2538990400A1A83C /* SceneDelegate.swift in Sources */,
			);
			runOnlyForDeploymentPostprocessing = 0;
		};
		813EE72A2538990900A1A83C /* Sources */ = {
			isa = PBXSourcesBuildPhase;
			buildActionMask = 2147483647;
			files = (
				813EE7332538990900A1A83C /* pet_sheltersTests.swift in Sources */,
			);
			runOnlyForDeploymentPostprocessing = 0;
		};
		813EE7352538990900A1A83C /* Sources */ = {
			isa = PBXSourcesBuildPhase;
			buildActionMask = 2147483647;
			files = (
				813EE73E2538990900A1A83C /* pet_sheltersUITests.swift in Sources */,
			);
			runOnlyForDeploymentPostprocessing = 0;
		};
/* End PBXSourcesBuildPhase section */

/* Begin PBXTargetDependency section */
		813EE7302538990900A1A83C /* PBXTargetDependency */ = {
			isa = PBXTargetDependency;
			target = 813EE7172538990400A1A83C /* pet-shelters */;
			targetProxy = 813EE72F2538990900A1A83C /* PBXContainerItemProxy */;
		};
		813EE73B2538990900A1A83C /* PBXTargetDependency */ = {
			isa = PBXTargetDependency;
			target = 813EE7172538990400A1A83C /* pet-shelters */;
			targetProxy = 813EE73A2538990900A1A83C /* PBXContainerItemProxy */;
		};
/* End PBXTargetDependency section */

/* Begin PBXVariantGroup section */
		813EE7212538990400A1A83C /* Main.storyboard */ = {
			isa = PBXVariantGroup;
			children = (
				813EE7222538990400A1A83C /* Base */,
			);
			name = Main.storyboard;
			sourceTree = "<group>";
		};
		813EE7262538990900A1A83C /* LaunchScreen.storyboard */ = {
			isa = PBXVariantGroup;
			children = (
				813EE7272538990900A1A83C /* Base */,
			);
			name = LaunchScreen.storyboard;
			sourceTree = "<group>";
		};
/* End PBXVariantGroup section */

/* Begin XCBuildConfiguration section */
		813EE7402538990900A1A83C /* Debug */ = {
			isa = XCBuildConfiguration;
			buildSettings = {
				ALWAYS_SEARCH_USER_PATHS = NO;
				CLANG_ANALYZER_NONNULL = YES;
				CLANG_ANALYZER_NUMBER_OBJECT_CONVERSION = YES_AGGRESSIVE;
				CLANG_CXX_LANGUAGE_STANDARD = "gnu++14";
				CLANG_CXX_LIBRARY = "libc++";
				CLANG_ENABLE_MODULES = YES;
				CLANG_ENABLE_OBJC_ARC = YES;
				CLANG_ENABLE_OBJC_WEAK = YES;
				CLANG_WARN_BLOCK_CAPTURE_AUTORELEASING = YES;
				CLANG_WARN_BOOL_CONVERSION = YES;
				CLANG_WARN_COMMA = YES;
				CLANG_WARN_CONSTANT_CONVERSION = YES;
				CLANG_WARN_DEPRECATED_OBJC_IMPLEMENTATIONS = YES;
				CLANG_WARN_DIRECT_OBJC_ISA_USAGE = YES_ERROR;
				CLANG_WARN_DOCUMENTATION_COMMENTS = YES;
				CLANG_WARN_EMPTY_BODY = YES;
				CLANG_WARN_ENUM_CONVERSION = YES;
				CLANG_WARN_INFINITE_RECURSION = YES;
				CLANG_WARN_INT_CONVERSION = YES;
				CLANG_WARN_NON_LITERAL_NULL_CONVERSION = YES;
				CLANG_WARN_OBJC_IMPLICIT_RETAIN_SELF = YES;
				CLANG_WARN_OBJC_LITERAL_CONVERSION = YES;
				CLANG_WARN_OBJC_ROOT_CLASS = YES_ERROR;
				CLANG_WARN_QUOTED_INCLUDE_IN_FRAMEWORK_HEADER = YES;
				CLANG_WARN_RANGE_LOOP_ANALYSIS = YES;
				CLANG_WARN_STRICT_PROTOTYPES = YES;
				CLANG_WARN_SUSPICIOUS_MOVE = YES;
				CLANG_WARN_UNGUARDED_AVAILABILITY = YES_AGGRESSIVE;
				CLANG_WARN_UNREACHABLE_CODE = YES;
				CLANG_WARN__DUPLICATE_METHOD_MATCH = YES;
				COPY_PHASE_STRIP = NO;
				DEBUG_INFORMATION_FORMAT = dwarf;
				ENABLE_STRICT_OBJC_MSGSEND = YES;
				ENABLE_TESTABILITY = YES;
				GCC_C_LANGUAGE_STANDARD = gnu11;
				GCC_DYNAMIC_NO_PIC = NO;
				GCC_NO_COMMON_BLOCKS = YES;
				GCC_OPTIMIZATION_LEVEL = 0;
				GCC_PREPROCESSOR_DEFINITIONS = (
					"DEBUG=1",
					"$(inherited)",
				);
				GCC_WARN_64_TO_32_BIT_CONVERSION = YES;
				GCC_WARN_ABOUT_RETURN_TYPE = YES_ERROR;
				GCC_WARN_UNDECLARED_SELECTOR = YES;
				GCC_WARN_UNINITIALIZED_AUTOS = YES_AGGRESSIVE;
				GCC_WARN_UNUSED_FUNCTION = YES;
				GCC_WARN_UNUSED_VARIABLE = YES;
				IPHONEOS_DEPLOYMENT_TARGET = 14.0;
				MTL_ENABLE_DEBUG_INFO = INCLUDE_SOURCE;
				MTL_FAST_MATH = YES;
				ONLY_ACTIVE_ARCH = YES;
				SDKROOT = iphoneos;
				SWIFT_ACTIVE_COMPILATION_CONDITIONS = DEBUG;
				SWIFT_OPTIMIZATION_LEVEL = "-Onone";
			};
			name = Debug;
		};
		813EE7412538990900A1A83C /* Release */ = {
			isa = XCBuildConfiguration;
			buildSettings = {
				ALWAYS_SEARCH_USER_PATHS = NO;
				CLANG_ANALYZER_NONNULL = YES;
				CLANG_ANALYZER_NUMBER_OBJECT_CONVERSION = YES_AGGRESSIVE;
				CLANG_CXX_LANGUAGE_STANDARD = "gnu++14";
				CLANG_CXX_LIBRARY = "libc++";
				CLANG_ENABLE_MODULES = YES;
				CLANG_ENABLE_OBJC_ARC = YES;
				CLANG_ENABLE_OBJC_WEAK = YES;
				CLANG_WARN_BLOCK_CAPTURE_AUTORELEASING = YES;
				CLANG_WARN_BOOL_CONVERSION = YES;
				CLANG_WARN_COMMA = YES;
				CLANG_WARN_CONSTANT_CONVERSION = YES;
				CLANG_WARN_DEPRECATED_OBJC_IMPLEMENTATIONS = YES;
				CLANG_WARN_DIRECT_OBJC_ISA_USAGE = YES_ERROR;
				CLANG_WARN_DOCUMENTATION_COMMENTS = YES;
				CLANG_WARN_EMPTY_BODY = YES;
				CLANG_WARN_ENUM_CONVERSION = YES;
				CLANG_WARN_INFINITE_RECURSION = YES;
				CLANG_WARN_INT_CONVERSION = YES;
				CLANG_WARN_NON_LITERAL_NULL_CONVERSION = YES;
				CLANG_WARN_OBJC_IMPLICIT_RETAIN_SELF = YES;
				CLANG_WARN_OBJC_LITERAL_CONVERSION = YES;
				CLANG_WARN_OBJC_ROOT_CLASS = YES_ERROR;
				CLANG_WARN_QUOTED_INCLUDE_IN_FRAMEWORK_HEADER = YES;
				CLANG_WARN_RANGE_LOOP_ANALYSIS = YES;
				CLANG_WARN_STRICT_PROTOTYPES = YES;
				CLANG_WARN_SUSPICIOUS_MOVE = YES;
				CLANG_WARN_UNGUARDED_AVAILABILITY = YES_AGGRESSIVE;
				CLANG_WARN_UNREACHABLE_CODE = YES;
				CLANG_WARN__DUPLICATE_METHOD_MATCH = YES;
				COPY_PHASE_STRIP = NO;
				DEBUG_INFORMATION_FORMAT = "dwarf-with-dsym";
				ENABLE_NS_ASSERTIONS = NO;
				ENABLE_STRICT_OBJC_MSGSEND = YES;
				GCC_C_LANGUAGE_STANDARD = gnu11;
				GCC_NO_COMMON_BLOCKS = YES;
				GCC_WARN_64_TO_32_BIT_CONVERSION = YES;
				GCC_WARN_ABOUT_RETURN_TYPE = YES_ERROR;
				GCC_WARN_UNDECLARED_SELECTOR = YES;
				GCC_WARN_UNINITIALIZED_AUTOS = YES_AGGRESSIVE;
				GCC_WARN_UNUSED_FUNCTION = YES;
				GCC_WARN_UNUSED_VARIABLE = YES;
				IPHONEOS_DEPLOYMENT_TARGET = 14.0;
				MTL_ENABLE_DEBUG_INFO = NO;
				MTL_FAST_MATH = YES;
				SDKROOT = iphoneos;
				SWIFT_COMPILATION_MODE = wholemodule;
				SWIFT_OPTIMIZATION_LEVEL = "-O";
				VALIDATE_PRODUCT = YES;
			};
			name = Release;
		};
		813EE7432538990900A1A83C /* Debug */ = {
			isa = XCBuildConfiguration;
			buildSettings = {
				ASSETCATALOG_COMPILER_APPICON_NAME = AppIcon;
				ASSETCATALOG_COMPILER_GLOBAL_ACCENT_COLOR_NAME = AccentColor;
				CODE_SIGN_STYLE = Automatic;
				DEVELOPMENT_TEAM = QU2XBTHQ37;
				INFOPLIST_FILE = "pet-shelters/Info.plist";
				LD_RUNPATH_SEARCH_PATHS = (
					"$(inherited)",
					"@executable_path/Frameworks",
				);
				PRODUCT_BUNDLE_IDENTIFIER = "com.alexmosunov.pet-shelters";
				PRODUCT_NAME = "$(TARGET_NAME)";
				SWIFT_VERSION = 5.0;
				TARGETED_DEVICE_FAMILY = "1,2";
			};
			name = Debug;
		};
		813EE7442538990900A1A83C /* Release */ = {
			isa = XCBuildConfiguration;
			buildSettings = {
				ASSETCATALOG_COMPILER_APPICON_NAME = AppIcon;
				ASSETCATALOG_COMPILER_GLOBAL_ACCENT_COLOR_NAME = AccentColor;
				CODE_SIGN_STYLE = Automatic;
				DEVELOPMENT_TEAM = QU2XBTHQ37;
				INFOPLIST_FILE = "pet-shelters/Info.plist";
				LD_RUNPATH_SEARCH_PATHS = (
					"$(inherited)",
					"@executable_path/Frameworks",
				);
				PRODUCT_BUNDLE_IDENTIFIER = "com.alexmosunov.pet-shelters";
				PRODUCT_NAME = "$(TARGET_NAME)";
				SWIFT_VERSION = 5.0;
				TARGETED_DEVICE_FAMILY = "1,2";
			};
			name = Release;
		};
		813EE7462538990900A1A83C /* Debug */ = {
			isa = XCBuildConfiguration;
			buildSettings = {
				ALWAYS_EMBED_SWIFT_STANDARD_LIBRARIES = YES;
				BUNDLE_LOADER = "$(TEST_HOST)";
				CODE_SIGN_STYLE = Automatic;
				DEVELOPMENT_TEAM = QU2XBTHQ37;
				INFOPLIST_FILE = "pet-sheltersTests/Info.plist";
				IPHONEOS_DEPLOYMENT_TARGET = 14.0;
				LD_RUNPATH_SEARCH_PATHS = (
					"$(inherited)",
					"@executable_path/Frameworks",
					"@loader_path/Frameworks",
				);
				PRODUCT_BUNDLE_IDENTIFIER = "com.alexmosunov.pet-sheltersTests";
				PRODUCT_NAME = "$(TARGET_NAME)";
				SWIFT_VERSION = 5.0;
				TARGETED_DEVICE_FAMILY = "1,2";
				TEST_HOST = "$(BUILT_PRODUCTS_DIR)/pet-shelters.app/pet-shelters";
			};
			name = Debug;
		};
		813EE7472538990900A1A83C /* Release */ = {
			isa = XCBuildConfiguration;
			buildSettings = {
				ALWAYS_EMBED_SWIFT_STANDARD_LIBRARIES = YES;
				BUNDLE_LOADER = "$(TEST_HOST)";
				CODE_SIGN_STYLE = Automatic;
				DEVELOPMENT_TEAM = QU2XBTHQ37;
				INFOPLIST_FILE = "pet-sheltersTests/Info.plist";
				IPHONEOS_DEPLOYMENT_TARGET = 14.0;
				LD_RUNPATH_SEARCH_PATHS = (
					"$(inherited)",
					"@executable_path/Frameworks",
					"@loader_path/Frameworks",
				);
				PRODUCT_BUNDLE_IDENTIFIER = "com.alexmosunov.pet-sheltersTests";
				PRODUCT_NAME = "$(TARGET_NAME)";
				SWIFT_VERSION = 5.0;
				TARGETED_DEVICE_FAMILY = "1,2";
				TEST_HOST = "$(BUILT_PRODUCTS_DIR)/pet-shelters.app/pet-shelters";
			};
			name = Release;
		};
		813EE7492538990900A1A83C /* Debug */ = {
			isa = XCBuildConfiguration;
			buildSettings = {
				ALWAYS_EMBED_SWIFT_STANDARD_LIBRARIES = YES;
				CODE_SIGN_STYLE = Automatic;
				DEVELOPMENT_TEAM = QU2XBTHQ37;
				INFOPLIST_FILE = "pet-sheltersUITests/Info.plist";
				LD_RUNPATH_SEARCH_PATHS = (
					"$(inherited)",
					"@executable_path/Frameworks",
					"@loader_path/Frameworks",
				);
				PRODUCT_BUNDLE_IDENTIFIER = "com.alexmosunov.pet-sheltersUITests";
				PRODUCT_NAME = "$(TARGET_NAME)";
				SWIFT_VERSION = 5.0;
				TARGETED_DEVICE_FAMILY = "1,2";
				TEST_TARGET_NAME = "pet-shelters";
			};
			name = Debug;
		};
		813EE74A2538990900A1A83C /* Release */ = {
			isa = XCBuildConfiguration;
			buildSettings = {
				ALWAYS_EMBED_SWIFT_STANDARD_LIBRARIES = YES;
				CODE_SIGN_STYLE = Automatic;
				DEVELOPMENT_TEAM = QU2XBTHQ37;
				INFOPLIST_FILE = "pet-sheltersUITests/Info.plist";
				LD_RUNPATH_SEARCH_PATHS = (
					"$(inherited)",
					"@executable_path/Frameworks",
					"@loader_path/Frameworks",
				);
				PRODUCT_BUNDLE_IDENTIFIER = "com.alexmosunov.pet-sheltersUITests";
				PRODUCT_NAME = "$(TARGET_NAME)";
				SWIFT_VERSION = 5.0;
				TARGETED_DEVICE_FAMILY = "1,2";
				TEST_TARGET_NAME = "pet-shelters";
			};
			name = Release;
		};
/* End XCBuildConfiguration section */

/* Begin XCConfigurationList section */
		813EE7132538990400A1A83C /* Build configuration list for PBXProject "pet-shelters" */ = {
			isa = XCConfigurationList;
			buildConfigurations = (
				813EE7402538990900A1A83C /* Debug */,
				813EE7412538990900A1A83C /* Release */,
			);
			defaultConfigurationIsVisible = 0;
			defaultConfigurationName = Release;
		};
		813EE7422538990900A1A83C /* Build configuration list for PBXNativeTarget "pet-shelters" */ = {
			isa = XCConfigurationList;
			buildConfigurations = (
				813EE7432538990900A1A83C /* Debug */,
				813EE7442538990900A1A83C /* Release */,
			);
			defaultConfigurationIsVisible = 0;
			defaultConfigurationName = Release;
		};
		813EE7452538990900A1A83C /* Build configuration list for PBXNativeTarget "pet-sheltersTests" */ = {
			isa = XCConfigurationList;
			buildConfigurations = (
				813EE7462538990900A1A83C /* Debug */,
				813EE7472538990900A1A83C /* Release */,
			);
			defaultConfigurationIsVisible = 0;
			defaultConfigurationName = Release;
		};
		813EE7482538990900A1A83C /* Build configuration list for PBXNativeTarget "pet-sheltersUITests" */ = {
			isa = XCConfigurationList;
			buildConfigurations = (
				813EE7492538990900A1A83C /* Debug */,
				813EE74A2538990900A1A83C /* Release */,
			);
			defaultConfigurationIsVisible = 0;
			defaultConfigurationName = Release;
		};
/* End XCConfigurationList section */
	};
	rootObject = 813EE7102538990400A1A83C /* Project object */;
}
